// !$*UTF8*$!
{
	archiveVersion = 1;
	classes = {
	};
	objectVersion = 50;
	objects = {

/* Begin PBXBuildFile section */
		8C2FC8B821F28C1000552E5D /* ForecastFrameController.swift in Sources */ = {isa = PBXBuildFile; fileRef = 8C2FC8B721F28C1000552E5D /* ForecastFrameController.swift */; };
		8C92791821F2711B006B2880 /* AppDelegate.swift in Sources */ = {isa = PBXBuildFile; fileRef = 8C92791721F2711B006B2880 /* AppDelegate.swift */; };
		8C92791D21F2711B006B2880 /* Main.storyboard in Resources */ = {isa = PBXBuildFile; fileRef = 8C92791B21F2711B006B2880 /* Main.storyboard */; };
		8C92792221F2711D006B2880 /* LaunchScreen.storyboard in Resources */ = {isa = PBXBuildFile; fileRef = 8C92792021F2711D006B2880 /* LaunchScreen.storyboard */; };
		8C92793021F27731006B2880 /* Weather.swift in Sources */ = {isa = PBXBuildFile; fileRef = 8C92792F21F27731006B2880 /* Weather.swift */; };
		8C92793221F2834D006B2880 /* ForecastFrame.xib in Resources */ = {isa = PBXBuildFile; fileRef = 8C92793121F2834D006B2880 /* ForecastFrame.xib */; };
		8CD15A7A21F2922400527A47 /* ForecastFrameCell.swift in Sources */ = {isa = PBXBuildFile; fileRef = 8CD15A7921F2922400527A47 /* ForecastFrameCell.swift */; };
		8CD15A7C21F29A7D00527A47 /* Assets.xcassets in Resources */ = {isa = PBXBuildFile; fileRef = 8CD15A7B21F29A7D00527A47 /* Assets.xcassets */; };
/* End PBXBuildFile section */

/* Begin PBXFileReference section */
		8C2FC8B721F28C1000552E5D /* ForecastFrameController.swift */ = {isa = PBXFileReference; lastKnownFileType = sourcecode.swift; path = ForecastFrameController.swift; sourceTree = "<group>"; };
		8C92791421F2711B006B2880 /* Working With JSON (Dark Sky).app */ = {isa = PBXFileReference; explicitFileType = wrapper.application; includeInIndex = 0; path = "Working With JSON (Dark Sky).app"; sourceTree = BUILT_PRODUCTS_DIR; };
		8C92791721F2711B006B2880 /* AppDelegate.swift */ = {isa = PBXFileReference; lastKnownFileType = sourcecode.swift; path = AppDelegate.swift; sourceTree = "<group>"; };
		8C92791C21F2711B006B2880 /* Base */ = {isa = PBXFileReference; lastKnownFileType = file.storyboard; name = Base; path = Base.lproj/Main.storyboard; sourceTree = "<group>"; };
		8C92792121F2711D006B2880 /* Base */ = {isa = PBXFileReference; lastKnownFileType = file.storyboard; name = Base; path = Base.lproj/LaunchScreen.storyboard; sourceTree = "<group>"; };
		8C92792321F2711D006B2880 /* Info.plist */ = {isa = PBXFileReference; lastKnownFileType = text.plist.xml; path = Info.plist; sourceTree = "<group>"; };
		8C92792F21F27731006B2880 /* Weather.swift */ = {isa = PBXFileReference; lastKnownFileType = sourcecode.swift; path = Weather.swift; sourceTree = "<group>"; };
		8C92793121F2834D006B2880 /* ForecastFrame.xib */ = {isa = PBXFileReference; lastKnownFileType = file.xib; path = ForecastFrame.xib; sourceTree = "<group>"; };
		8CD15A7921F2922400527A47 /* ForecastFrameCell.swift */ = {isa = PBXFileReference; lastKnownFileType = sourcecode.swift; path = ForecastFrameCell.swift; sourceTree = "<group>"; };
		8CD15A7B21F29A7D00527A47 /* Assets.xcassets */ = {isa = PBXFileReference; lastKnownFileType = folder.assetcatalog; path = Assets.xcassets; sourceTree = "<group>"; };
/* End PBXFileReference section */

/* Begin PBXFrameworksBuildPhase section */
		8C92791121F2711B006B2880 /* Frameworks */ = {
			isa = PBXFrameworksBuildPhase;
			buildActionMask = 2147483647;
			files = (
			);
			runOnlyForDeploymentPostprocessing = 0;
		};
/* End PBXFrameworksBuildPhase section */

/* Begin PBXGroup section */
		8C92790B21F2711B006B2880 = {
			isa = PBXGroup;
			children = (
				8C92791621F2711B006B2880 /* Working With JSON (Dark Sky) */,
				8C92791521F2711B006B2880 /* Products */,
			);
			sourceTree = "<group>";
		};
		8C92791521F2711B006B2880 /* Products */ = {
			isa = PBXGroup;
			children = (
				8C92791421F2711B006B2880 /* Working With JSON (Dark Sky).app */,
			);
			name = Products;
			sourceTree = "<group>";
		};
		8C92791621F2711B006B2880 /* Working With JSON (Dark Sky) */ = {
			isa = PBXGroup;
			children = (
				8C92791721F2711B006B2880 /* AppDelegate.swift */,
				8C92792F21F27731006B2880 /* Weather.swift */,
				8C2FC8B721F28C1000552E5D /* ForecastFrameController.swift */,
				8CD15A7921F2922400527A47 /* ForecastFrameCell.swift */,
				8C92793121F2834D006B2880 /* ForecastFrame.xib */,
				8C92791B21F2711B006B2880 /* Main.storyboard */,
				8C92792021F2711D006B2880 /* LaunchScreen.storyboard */,
				8CD15A7B21F29A7D00527A47 /* Assets.xcassets */,
				8C92792321F2711D006B2880 /* Info.plist */,
			);
			path = "Working With JSON (Dark Sky)";
			sourceTree = "<group>";
		};
/* End PBXGroup section */

/* Begin PBXNativeTarget section */
		8C92791321F2711B006B2880 /* Working With JSON (Dark Sky) */ = {
			isa = PBXNativeTarget;
			buildConfigurationList = 8C92792621F2711D006B2880 /* Build configuration list for PBXNativeTarget "Working With JSON (Dark Sky)" */;
			buildPhases = (
				8C92791021F2711B006B2880 /* Sources */,
				8C92791121F2711B006B2880 /* Frameworks */,
				8C92791221F2711B006B2880 /* Resources */,
			);
			buildRules = (
			);
			dependencies = (
			);
			name = "Working With JSON (Dark Sky)";
			productName = "Working With JSON (Dark Sky)";
			productReference = 8C92791421F2711B006B2880 /* Working With JSON (Dark Sky).app */;
			productType = "com.apple.product-type.application";
		};
/* End PBXNativeTarget section */

/* Begin PBXProject section */
		8C92790C21F2711B006B2880 /* Project object */ = {
			isa = PBXProject;
			attributes = {
				LastSwiftUpdateCheck = 1010;
				LastUpgradeCheck = 1010;
				ORGANIZATIONNAME = "Charles Martin Reed";
				TargetAttributes = {
					8C92791321F2711B006B2880 = {
						CreatedOnToolsVersion = 10.1;
					};
				};
			};
			buildConfigurationList = 8C92790F21F2711B006B2880 /* Build configuration list for PBXProject "Working With JSON (Dark Sky)" */;
			compatibilityVersion = "Xcode 9.3";
			developmentRegion = en;
			hasScannedForEncodings = 0;
			knownRegions = (
				en,
				Base,
			);
			mainGroup = 8C92790B21F2711B006B2880;
			productRefGroup = 8C92791521F2711B006B2880 /* Products */;
			projectDirPath = "";
			projectRoot = "";
			targets = (
				8C92791321F2711B006B2880 /* Working With JSON (Dark Sky) */,
			);
		};
/* End PBXProject section */

/* Begin PBXResourcesBuildPhase section */
		8C92791221F2711B006B2880 /* Resources */ = {
			isa = PBXResourcesBuildPhase;
			buildActionMask = 2147483647;
			files = (
				8C92793221F2834D006B2880 /* ForecastFrame.xib in Resources */,
				8C92792221F2711D006B2880 /* LaunchScreen.storyboard in Resources */,
				8CD15A7C21F29A7D00527A47 /* Assets.xcassets in Resources */,
				8C92791D21F2711B006B2880 /* Main.storyboard in Resources */,
			);
			runOnlyForDeploymentPostprocessing = 0;
		};
/* End PBXResourcesBuildPhase section */

/* Begin PBXSourcesBuildPhase section */
		8C92791021F2711B006B2880 /* Sources */ = {
			isa = PBXSourcesBuildPhase;
			buildActionMask = 2147483647;
			files = (
				8CD15A7A21F2922400527A47 /* ForecastFrameCell.swift in Sources */,
				8C2FC8B821F28C1000552E5D /* ForecastFrameController.swift in Sources */,
				8C92791821F2711B006B2880 /* AppDelegate.swift in Sources */,
				8C92793021F27731006B2880 /* Weather.swift in Sources */,
			);
			runOnlyForDeploymentPostprocessing = 0;
		};
/* End PBXSourcesBuildPhase section */

/* Begin PBXVariantGroup section */
		8C92791B21F2711B006B2880 /* Main.storyboard */ = {
			isa = PBXVariantGroup;
			children = (
				8C92791C21F2711B006B2880 /* Base */,
			);
			name = Main.storyboard;
			sourceTree = "<group>";
		};
		8C92792021F2711D006B2880 /* LaunchScreen.storyboard */ = {
			isa = PBXVariantGroup;
			children = (
				8C92792121F2711D006B2880 /* Base */,
			);
			name = LaunchScreen.storyboard;
			sourceTree = "<group>";
		};
/* End PBXVariantGroup section */

/* Begin XCBuildConfiguration section */
		8C92792421F2711D006B2880 /* Debug */ = {
			isa = XCBuildConfiguration;
			buildSettings = {
				ALWAYS_SEARCH_USER_PATHS = NO;
				CLANG_ANALYZER_NONNULL = YES;
				CLANG_ANALYZER_NUMBER_OBJECT_CONVERSION = YES_AGGRESSIVE;
				CLANG_CXX_LANGUAGE_STANDARD = "gnu++14";
				CLANG_CXX_LIBRARY = "libc++";
				CLANG_ENABLE_MODULES = YES;
				CLANG_ENABLE_OBJC_ARC = YES;
				CLANG_ENABLE_OBJC_WEAK = YES;
				CLANG_WARN_BLOCK_CAPTURE_AUTORELEASING = YES;
				CLANG_WARN_BOOL_CONVERSION = YES;
				CLANG_WARN_COMMA = YES;
				CLANG_WARN_CONSTANT_CONVERSION = YES;
				CLANG_WARN_DEPRECATED_OBJC_IMPLEMENTATIONS = YES;
				CLANG_WARN_DIRECT_OBJC_ISA_USAGE = YES_ERROR;
				CLANG_WARN_DOCUMENTATION_COMMENTS = YES;
				CLANG_WARN_EMPTY_BODY = YES;
				CLANG_WARN_ENUM_CONVERSION = YES;
				CLANG_WARN_INFINITE_RECURSION = YES;
				CLANG_WARN_INT_CONVERSION = YES;
				CLANG_WARN_NON_LITERAL_NULL_CONVERSION = YES;
				CLANG_WARN_OBJC_IMPLICIT_RETAIN_SELF = YES;
				CLANG_WARN_OBJC_LITERAL_CONVERSION = YES;
				CLANG_WARN_OBJC_ROOT_CLASS = YES_ERROR;
				CLANG_WARN_RANGE_LOOP_ANALYSIS = YES;
				CLANG_WARN_STRICT_PROTOTYPES = YES;
				CLANG_WARN_SUSPICIOUS_MOVE = YES;
				CLANG_WARN_UNGUARDED_AVAILABILITY = YES_AGGRESSIVE;
				CLANG_WARN_UNREACHABLE_CODE = YES;
				CLANG_WARN__DUPLICATE_METHOD_MATCH = YES;
				CODE_SIGN_IDENTITY = "iPhone Developer";
				COPY_PHASE_STRIP = NO;
				DEBUG_INFORMATION_FORMAT = dwarf;
				ENABLE_STRICT_OBJC_MSGSEND = YES;
				ENABLE_TESTABILITY = YES;
				GCC_C_LANGUAGE_STANDARD = gnu11;
				GCC_DYNAMIC_NO_PIC = NO;
				GCC_NO_COMMON_BLOCKS = YES;
				GCC_OPTIMIZATION_LEVEL = 0;
				GCC_PREPROCESSOR_DEFINITIONS = (
					"DEBUG=1",
					"$(inherited)",
				);
				GCC_WARN_64_TO_32_BIT_CONVERSION = YES;
				GCC_WARN_ABOUT_RETURN_TYPE = YES_ERROR;
				GCC_WARN_UNDECLARED_SELECTOR = YES;
				GCC_WARN_UNINITIALIZED_AUTOS = YES_AGGRESSIVE;
				GCC_WARN_UNUSED_FUNCTION = YES;
				GCC_WARN_UNUSED_VARIABLE = YES;
				IPHONEOS_DEPLOYMENT_TARGET = 12.1;
				MTL_ENABLE_DEBUG_INFO = INCLUDE_SOURCE;
				MTL_FAST_MATH = YES;
				ONLY_ACTIVE_ARCH = YES;
				SDKROOT = iphoneos;
				SWIFT_ACTIVE_COMPILATION_CONDITIONS = DEBUG;
				SWIFT_OPTIMIZATION_LEVEL = "-Onone";
			};
			name = Debug;
		};
		8C92792521F2711D006B2880 /* Release */ = {
			isa = XCBuildConfiguration;
			buildSettings = {
				ALWAYS_SEARCH_USER_PATHS = NO;
				CLANG_ANALYZER_NONNULL = YES;
				CLANG_ANALYZER_NUMBER_OBJECT_CONVERSION = YES_AGGRESSIVE;
				CLANG_CXX_LANGUAGE_STANDARD = "gnu++14";
				CLANG_CXX_LIBRARY = "libc++";
				CLANG_ENABLE_MODULES = YES;
				CLANG_ENABLE_OBJC_ARC = YES;
				CLANG_ENABLE_OBJC_WEAK = YES;
				CLANG_WARN_BLOCK_CAPTURE_AUTORELEASING = YES;
				CLANG_WARN_BOOL_CONVERSION = YES;
				CLANG_WARN_COMMA = YES;
				CLANG_WARN_CONSTANT_CONVERSION = YES;
				CLANG_WARN_DEPRECATED_OBJC_IMPLEMENTATIONS = YES;
				CLANG_WARN_DIRECT_OBJC_ISA_USAGE = YES_ERROR;
				CLANG_WARN_DOCUMENTATION_COMMENTS = YES;
				CLANG_WARN_EMPTY_BODY = YES;
				CLANG_WARN_ENUM_CONVERSION = YES;
				CLANG_WARN_INFINITE_RECURSION = YES;
				CLANG_WARN_INT_CONVERSION = YES;
				CLANG_WARN_NON_LITERAL_NULL_CONVERSION = YES;
				CLANG_WARN_OBJC_IMPLICIT_RETAIN_SELF = YES;
				CLANG_WARN_OBJC_LITERAL_CONVERSION = YES;
				CLANG_WARN_OBJC_ROOT_CLASS = YES_ERROR;
				CLANG_WARN_RANGE_LOOP_ANALYSIS = YES;
				CLANG_WARN_STRICT_PROTOTYPES = YES;
				CLANG_WARN_SUSPICIOUS_MOVE = YES;
				CLANG_WARN_UNGUARDED_AVAILABILITY = YES_AGGRESSIVE;
				CLANG_WARN_UNREACHABLE_CODE = YES;
				CLANG_WARN__DUPLICATE_METHOD_MATCH = YES;
				CODE_SIGN_IDENTITY = "iPhone Developer";
				COPY_PHASE_STRIP = NO;
				DEBUG_INFORMATION_FORMAT = "dwarf-with-dsym";
				ENABLE_NS_ASSERTIONS = NO;
				ENABLE_STRICT_OBJC_MSGSEND = YES;
				GCC_C_LANGUAGE_STANDARD = gnu11;
				GCC_NO_COMMON_BLOCKS = YES;
				GCC_WARN_64_TO_32_BIT_CONVERSION = YES;
				GCC_WARN_ABOUT_RETURN_TYPE = YES_ERROR;
				GCC_WARN_UNDECLARED_SELECTOR = YES;
				GCC_WARN_UNINITIALIZED_AUTOS = YES_AGGRESSIVE;
				GCC_WARN_UNUSED_FUNCTION = YES;
				GCC_WARN_UNUSED_VARIABLE = YES;
				IPHONEOS_DEPLOYMENT_TARGET = 12.1;
				MTL_ENABLE_DEBUG_INFO = NO;
				MTL_FAST_MATH = YES;
				SDKROOT = iphoneos;
				SWIFT_COMPILATION_MODE = wholemodule;
				SWIFT_OPTIMIZATION_LEVEL = "-O";
				VALIDATE_PRODUCT = YES;
			};
			name = Release;
		};
		8C92792721F2711D006B2880 /* Debug */ = {
			isa = XCBuildConfiguration;
			buildSettings = {
				ASSETCATALOG_COMPILER_APPICON_NAME = AppIcon;
				CODE_SIGN_STYLE = Automatic;
				INFOPLIST_FILE = "Working With JSON (Dark Sky)/Info.plist";
				LD_RUNPATH_SEARCH_PATHS = (
					"$(inherited)",
					"@executable_path/Frameworks",
				);
				PRODUCT_BUNDLE_IDENTIFIER = "com.charlesmartinreed.Working-With-JSON--Dark-Sky-";
				PRODUCT_NAME = "$(TARGET_NAME)";
				SWIFT_VERSION = 4.2;
				TARGETED_DEVICE_FAMILY = "1,2";
			};
			name = Debug;
		};
		8C92792821F2711D006B2880 /* Release */ = {
			isa = XCBuildConfiguration;
			buildSettings = {
				ASSETCATALOG_COMPILER_APPICON_NAME = AppIcon;
				CODE_SIGN_STYLE = Automatic;
				INFOPLIST_FILE = "Working With JSON (Dark Sky)/Info.plist";
				LD_RUNPATH_SEARCH_PATHS = (
					"$(inherited)",
					"@executable_path/Frameworks",
				);
				PRODUCT_BUNDLE_IDENTIFIER = "com.charlesmartinreed.Working-With-JSON--Dark-Sky-";
				PRODUCT_NAME = "$(TARGET_NAME)";
				SWIFT_VERSION = 4.2;
				TARGETED_DEVICE_FAMILY = "1,2";
			};
			name = Release;
		};
/* End XCBuildConfiguration section */

/* Begin XCConfigurationList section */
		8C92790F21F2711B006B2880 /* Build configuration list for PBXProject "Working With JSON (Dark Sky)" */ = {
			isa = XCConfigurationList;
			buildConfigurations = (
				8C92792421F2711D006B2880 /* Debug */,
				8C92792521F2711D006B2880 /* Release */,
			);
			defaultConfigurationIsVisible = 0;
			defaultConfigurationName = Release;
		};
		8C92792621F2711D006B2880 /* Build configuration list for PBXNativeTarget "Working With JSON (Dark Sky)" */ = {
			isa = XCConfigurationList;
			buildConfigurations = (
				8C92792721F2711D006B2880 /* Debug */,
				8C92792821F2711D006B2880 /* Release */,
			);
			defaultConfigurationIsVisible = 0;
			defaultConfigurationName = Release;
		};
/* End XCConfigurationList section */
	};
	rootObject = 8C92790C21F2711B006B2880 /* Project object */;
}
